
Microsoft Visual Studio Solution File, Format Version 12.00
# Visual Studio Version 16
VisualStudioVersion = 16.0.30907.101
MinimumVisualStudioVersion = 10.0.40219.1
Project("{FAE04EC0-301F-11D3-BF4B-00C04F79EFBC}") = "MyDictionaryDemo", "MyDictionaryDemo\MyDictionaryDemo.csproj", "{9302E56C-0825-4EC5-8531-663A7F927F2A}"
EndProject
Global
	GlobalSection(SolutionConfigurationPlatforms) = preSolution
		Debug|Any CPU = Debug|Any CPU
		Release|Any CPU = Release|Any CPU
	EndGlobalSection
	GlobalSection(ProjectConfigurationPlatforms) = postSolution
		{9302E56C-0825-4EC5-8531-663A7F927F2A}.Debug|Any CPU.ActiveCfg = Debug|Any CPU
		{9302E56C-0825-4EC5-8531-663A7F927F2A}.Debug|Any CPU.Build.0 = Debug|Any CPU
		{9302E56C-0825-4EC5-8531-663A7F927F2A}.Release|Any CPU.ActiveCfg = Release|Any CPU
		{9302E56C-0825-4EC5-8531-663A7F927F2A}.Release|Any CPU.Build.0 = Release|Any CPU
	EndGlobalSection
	GlobalSection(SolutionProperties) = preSolution
		HideSolutionNode = FALSE
	EndGlobalSection
	GlobalSection(ExtensibilityGlobals) = postSolution
		SolutionGuid = {ED948334-E5A8-43C0-8F29-821EEF8C0A33}
	EndGlobalSection
EndGlobal
